
Microsoft Visual Studio Solution File, Format Version 12.00
# Visual Studio 2012
Project("{FAE04EC0-301F-11D3-BF4B-00C04F79EFBC}") = "iShop", "iShop\iShop.csproj", "{C9B4628D-0D19-41F1-B16C-4FF7DC15998A}"
EndProject
Project("{FAE04EC0-301F-11D3-BF4B-00C04F79EFBC}") = "iShopClass", "iShopClass\iShopClass.csproj", "{0ADDFED7-D110-43F8-8F6D-500EA7E1A4CE}"
EndProject
Global
	GlobalSection(SolutionConfigurationPlatforms) = preSolution
		Debug|Any CPU = Debug|Any CPU
		Release|Any CPU = Release|Any CPU
	EndGlobalSection
	GlobalSection(ProjectConfigurationPlatforms) = postSolution
		{C9B4628D-0D19-41F1-B16C-4FF7DC15998A}.Debug|Any CPU.ActiveCfg = Debug|Any CPU
		{C9B4628D-0D19-41F1-B16C-4FF7DC15998A}.Debug|Any CPU.Build.0 = Debug|Any CPU
		{C9B4628D-0D19-41F1-B16C-4FF7DC15998A}.Release|Any CPU.ActiveCfg = Release|Any CPU
		{C9B4628D-0D19-41F1-B16C-4FF7DC15998A}.Release|Any CPU.Build.0 = Release|Any CPU
		{0ADDFED7-D110-43F8-8F6D-500EA7E1A4CE}.Debug|Any CPU.ActiveCfg = Debug|Any CPU
		{0ADDFED7-D110-43F8-8F6D-500EA7E1A4CE}.Debug|Any CPU.Build.0 = Debug|Any CPU
		{0ADDFED7-D110-43F8-8F6D-500EA7E1A4CE}.Release|Any CPU.ActiveCfg = Release|Any CPU
		{0ADDFED7-D110-43F8-8F6D-500EA7E1A4CE}.Release|Any CPU.Build.0 = Release|Any CPU
	EndGlobalSection
	GlobalSection(SolutionProperties) = preSolution
		HideSolutionNode = FALSE
	EndGlobalSection
EndGlobal
